
Microsoft Visual Studio Solution File, Format Version 12.00
# Visual Studio Version 17
VisualStudioVersion = 17.11.35312.102
MinimumVisualStudioVersion = 10.0.40219.1
Project("{FAE04EC0-301F-11D3-BF4B-00C04F79EFBC}") = "NgdLesson10bai1", "NgdLesson10bai1.csproj", "{959BDF3D-3AA4-440D-91E8-BB8CB3FFA96E}"
EndProject
Global
	GlobalSection(SolutionConfigurationPlatforms) = preSolution
		Debug|Any CPU = Debug|Any CPU
		Release|Any CPU = Release|Any CPU
	EndGlobalSection
	GlobalSection(ProjectConfigurationPlatforms) = postSolution
		{959BDF3D-3AA4-440D-91E8-BB8CB3FFA96E}.Debug|Any CPU.ActiveCfg = Debug|Any CPU
		{959BDF3D-3AA4-440D-91E8-BB8CB3FFA96E}.Debug|Any CPU.Build.0 = Debug|Any CPU
		{959BDF3D-3AA4-440D-91E8-BB8CB3FFA96E}.Release|Any CPU.ActiveCfg = Release|Any CPU
		{959BDF3D-3AA4-440D-91E8-BB8CB3FFA96E}.Release|Any CPU.Build.0 = Release|Any CPU
	EndGlobalSection
	GlobalSection(SolutionProperties) = preSolution
		HideSolutionNode = FALSE
	EndGlobalSection
	GlobalSection(ExtensibilityGlobals) = postSolution
		SolutionGuid = {6BA597BA-D529-4BCB-869A-B18B7034442B}
	EndGlobalSection
EndGlobal
