
Microsoft Visual Studio Solution File, Format Version 12.00
# Visual Studio Version 17
VisualStudioVersion = 17.11.35312.102
MinimumVisualStudioVersion = 10.0.40219.1
Project("{FAE04EC0-301F-11D3-BF4B-00C04F79EFBC}") = "NgdLesson03", "NgdLesson03.csproj", "{EBF86E25-7C99-4081-89D8-4A6D2F85A163}"
EndProject
Project("{FAE04EC0-301F-11D3-BF4B-00C04F79EFBC}") = "NgdLesson03MVC", "..\NgdLesson03MVC\NgdLesson03MVC.csproj", "{230BE17C-39A5-494A-958C-2119CB7D2F89}"
EndProject
Global
	GlobalSection(SolutionConfigurationPlatforms) = preSolution
		Debug|Any CPU = Debug|Any CPU
		Release|Any CPU = Release|Any CPU
	EndGlobalSection
	GlobalSection(ProjectConfigurationPlatforms) = postSolution
		{EBF86E25-7C99-4081-89D8-4A6D2F85A163}.Debug|Any CPU.ActiveCfg = Debug|Any CPU
		{EBF86E25-7C99-4081-89D8-4A6D2F85A163}.Debug|Any CPU.Build.0 = Debug|Any CPU
		{EBF86E25-7C99-4081-89D8-4A6D2F85A163}.Release|Any CPU.ActiveCfg = Release|Any CPU
		{EBF86E25-7C99-4081-89D8-4A6D2F85A163}.Release|Any CPU.Build.0 = Release|Any CPU
		{230BE17C-39A5-494A-958C-2119CB7D2F89}.Debug|Any CPU.ActiveCfg = Debug|Any CPU
		{230BE17C-39A5-494A-958C-2119CB7D2F89}.Debug|Any CPU.Build.0 = Debug|Any CPU
		{230BE17C-39A5-494A-958C-2119CB7D2F89}.Release|Any CPU.ActiveCfg = Release|Any CPU
		{230BE17C-39A5-494A-958C-2119CB7D2F89}.Release|Any CPU.Build.0 = Release|Any CPU
	EndGlobalSection
	GlobalSection(SolutionProperties) = preSolution
		HideSolutionNode = FALSE
	EndGlobalSection
	GlobalSection(ExtensibilityGlobals) = postSolution
		SolutionGuid = {7C570F70-3A56-4FA7-AFEA-02CF346C36F2}
	EndGlobalSection
EndGlobal
