
Microsoft Visual Studio Solution File, Format Version 12.00
# Visual Studio Version 17
VisualStudioVersion = 17.11.35312.102
MinimumVisualStudioVersion = 10.0.40219.1
Project("{FAE04EC0-301F-11D3-BF4B-00C04F79EFBC}") = "NguyenGiaDuy_2310900031", "NguyenGiaDuy_2310900031.csproj", "{4D1045DE-8331-4A5A-BA2E-8B2DC6EA2850}"
EndProject
Global
	GlobalSection(SolutionConfigurationPlatforms) = preSolution
		Debug|Any CPU = Debug|Any CPU
		Release|Any CPU = Release|Any CPU
	EndGlobalSection
	GlobalSection(ProjectConfigurationPlatforms) = postSolution
		{4D1045DE-8331-4A5A-BA2E-8B2DC6EA2850}.Debug|Any CPU.ActiveCfg = Debug|Any CPU
		{4D1045DE-8331-4A5A-BA2E-8B2DC6EA2850}.Debug|Any CPU.Build.0 = Debug|Any CPU
		{4D1045DE-8331-4A5A-BA2E-8B2DC6EA2850}.Release|Any CPU.ActiveCfg = Release|Any CPU
		{4D1045DE-8331-4A5A-BA2E-8B2DC6EA2850}.Release|Any CPU.Build.0 = Release|Any CPU
	EndGlobalSection
	GlobalSection(SolutionProperties) = preSolution
		HideSolutionNode = FALSE
	EndGlobalSection
	GlobalSection(ExtensibilityGlobals) = postSolution
		SolutionGuid = {0A5F13EC-A647-41F1-B37A-488A5D1939DD}
	EndGlobalSection
EndGlobal
