
Microsoft Visual Studio Solution File, Format Version 12.00
# Visual Studio Version 17
VisualStudioVersion = 17.11.35312.102
MinimumVisualStudioVersion = 10.0.40219.1
Project("{FAE04EC0-301F-11D3-BF4B-00C04F79EFBC}") = "NgdLesson07", "NgdLesson07.csproj", "{24601D40-8423-495B-A34C-C87D62930066}"
EndProject
Global
	GlobalSection(SolutionConfigurationPlatforms) = preSolution
		Debug|Any CPU = Debug|Any CPU
		Release|Any CPU = Release|Any CPU
	EndGlobalSection
	GlobalSection(ProjectConfigurationPlatforms) = postSolution
		{24601D40-8423-495B-A34C-C87D62930066}.Debug|Any CPU.ActiveCfg = Debug|Any CPU
		{24601D40-8423-495B-A34C-C87D62930066}.Debug|Any CPU.Build.0 = Debug|Any CPU
		{24601D40-8423-495B-A34C-C87D62930066}.Release|Any CPU.ActiveCfg = Release|Any CPU
		{24601D40-8423-495B-A34C-C87D62930066}.Release|Any CPU.Build.0 = Release|Any CPU
	EndGlobalSection
	GlobalSection(SolutionProperties) = preSolution
		HideSolutionNode = FALSE
	EndGlobalSection
	GlobalSection(ExtensibilityGlobals) = postSolution
		SolutionGuid = {02F8274A-494D-48A8-8428-71BDEC6D0F18}
	EndGlobalSection
EndGlobal
