
Microsoft Visual Studio Solution File, Format Version 12.00
# Visual Studio Version 17
VisualStudioVersion = 17.11.35312.102
MinimumVisualStudioVersion = 10.0.40219.1
Project("{FAE04EC0-301F-11D3-BF4B-00C04F79EFBC}") = "NgdLab06", "NgdLab06.csproj", "{B79F952B-040E-4572-9196-2DC7FCCAA71B}"
EndProject
Global
	GlobalSection(SolutionConfigurationPlatforms) = preSolution
		Debug|Any CPU = Debug|Any CPU
		Release|Any CPU = Release|Any CPU
	EndGlobalSection
	GlobalSection(ProjectConfigurationPlatforms) = postSolution
		{B79F952B-040E-4572-9196-2DC7FCCAA71B}.Debug|Any CPU.ActiveCfg = Debug|Any CPU
		{B79F952B-040E-4572-9196-2DC7FCCAA71B}.Debug|Any CPU.Build.0 = Debug|Any CPU
		{B79F952B-040E-4572-9196-2DC7FCCAA71B}.Release|Any CPU.ActiveCfg = Release|Any CPU
		{B79F952B-040E-4572-9196-2DC7FCCAA71B}.Release|Any CPU.Build.0 = Release|Any CPU
	EndGlobalSection
	GlobalSection(SolutionProperties) = preSolution
		HideSolutionNode = FALSE
	EndGlobalSection
	GlobalSection(ExtensibilityGlobals) = postSolution
		SolutionGuid = {8993D827-1494-4A20-A81B-1D084B400E0C}
	EndGlobalSection
EndGlobal
