
Microsoft Visual Studio Solution File, Format Version 12.00
# Visual Studio Version 17
VisualStudioVersion = 17.11.35312.102
MinimumVisualStudioVersion = 10.0.40219.1
Project("{FAE04EC0-301F-11D3-BF4B-00C04F79EFBC}") = "NgdLesson01", "NgdLesson01.csproj", "{DAEC0BD1-10E3-4CC0-AF23-9E8657EFAAB4}"
EndProject
Project("{FAE04EC0-301F-11D3-BF4B-00C04F79EFBC}") = "NgdLesson1MVC", "..\NgdLesson1MVC\NgdLesson1MVC.csproj", "{08B2F54B-3CD1-4E9E-AE21-0C22C0EB4D09}"
EndProject
Global
	GlobalSection(SolutionConfigurationPlatforms) = preSolution
		Debug|Any CPU = Debug|Any CPU
		Release|Any CPU = Release|Any CPU
	EndGlobalSection
	GlobalSection(ProjectConfigurationPlatforms) = postSolution
		{DAEC0BD1-10E3-4CC0-AF23-9E8657EFAAB4}.Debug|Any CPU.ActiveCfg = Debug|Any CPU
		{DAEC0BD1-10E3-4CC0-AF23-9E8657EFAAB4}.Debug|Any CPU.Build.0 = Debug|Any CPU
		{DAEC0BD1-10E3-4CC0-AF23-9E8657EFAAB4}.Release|Any CPU.ActiveCfg = Release|Any CPU
		{DAEC0BD1-10E3-4CC0-AF23-9E8657EFAAB4}.Release|Any CPU.Build.0 = Release|Any CPU
		{08B2F54B-3CD1-4E9E-AE21-0C22C0EB4D09}.Debug|Any CPU.ActiveCfg = Debug|Any CPU
		{08B2F54B-3CD1-4E9E-AE21-0C22C0EB4D09}.Debug|Any CPU.Build.0 = Debug|Any CPU
		{08B2F54B-3CD1-4E9E-AE21-0C22C0EB4D09}.Release|Any CPU.ActiveCfg = Release|Any CPU
		{08B2F54B-3CD1-4E9E-AE21-0C22C0EB4D09}.Release|Any CPU.Build.0 = Release|Any CPU
	EndGlobalSection
	GlobalSection(SolutionProperties) = preSolution
		HideSolutionNode = FALSE
	EndGlobalSection
	GlobalSection(ExtensibilityGlobals) = postSolution
		SolutionGuid = {3DA030F7-3DB8-4945-AF48-472D6FEE6CC9}
	EndGlobalSection
EndGlobal
